
Microsoft Visual Studio Solution File, Format Version 12.00
# Visual Studio Version 17
VisualStudioVersion = 17.9.34728.123
MinimumVisualStudioVersion = 10.0.40219.1
Project("{9A19103F-16F7-4668-BE54-9A1E7A4F7556}") = "Shopify.Web", "Shopify.Web\Shopify.Web.csproj", "{A85805B2-503C-49A1-A38F-55C0C7D340CA}"
EndProject
Project("{9A19103F-16F7-4668-BE54-9A1E7A4F7556}") = "Shopify.Api", "Shopify.Api\Shopify.Api.csproj", "{9F273723-0458-48F6-8D2F-EA935C5B7AE8}"
EndProject
Project("{9A19103F-16F7-4668-BE54-9A1E7A4F7556}") = "Shopify.Models", "Shopify.Models\Shopify.Models.csproj", "{C6643D72-E459-494D-866D-C0792BB9568F}"
EndProject
Global
	GlobalSection(SolutionConfigurationPlatforms) = preSolution
		Debug|Any CPU = Debug|Any CPU
		Release|Any CPU = Release|Any CPU
	EndGlobalSection
	GlobalSection(ProjectConfigurationPlatforms) = postSolution
		{A85805B2-503C-49A1-A38F-55C0C7D340CA}.Debug|Any CPU.ActiveCfg = Debug|Any CPU
		{A85805B2-503C-49A1-A38F-55C0C7D340CA}.Debug|Any CPU.Build.0 = Debug|Any CPU
		{A85805B2-503C-49A1-A38F-55C0C7D340CA}.Release|Any CPU.ActiveCfg = Release|Any CPU
		{A85805B2-503C-49A1-A38F-55C0C7D340CA}.Release|Any CPU.Build.0 = Release|Any CPU
		{9F273723-0458-48F6-8D2F-EA935C5B7AE8}.Debug|Any CPU.ActiveCfg = Debug|Any CPU
		{9F273723-0458-48F6-8D2F-EA935C5B7AE8}.Debug|Any CPU.Build.0 = Debug|Any CPU
		{9F273723-0458-48F6-8D2F-EA935C5B7AE8}.Release|Any CPU.ActiveCfg = Release|Any CPU
		{9F273723-0458-48F6-8D2F-EA935C5B7AE8}.Release|Any CPU.Build.0 = Release|Any CPU
		{C6643D72-E459-494D-866D-C0792BB9568F}.Debug|Any CPU.ActiveCfg = Debug|Any CPU
		{C6643D72-E459-494D-866D-C0792BB9568F}.Debug|Any CPU.Build.0 = Debug|Any CPU
		{C6643D72-E459-494D-866D-C0792BB9568F}.Release|Any CPU.ActiveCfg = Release|Any CPU
		{C6643D72-E459-494D-866D-C0792BB9568F}.Release|Any CPU.Build.0 = Release|Any CPU
	EndGlobalSection
	GlobalSection(SolutionProperties) = preSolution
		HideSolutionNode = FALSE
	EndGlobalSection
	GlobalSection(ExtensibilityGlobals) = postSolution
		SolutionGuid = {E4B9ED10-529C-41C4-84A1-39A77D737FF2}
	EndGlobalSection
EndGlobal
